// !$*UTF8*$!
{
	archiveVersion = 1;
	classes = {
	};
	objectVersion = 56;
	objects = {

/* Begin PBXBuildFile section */
		A1BBC0933053D48400FAB6DB /* TryhubaivanLab1App.swift in Sources */ = {isa = PBXBuildFile; fileRef = A1BBC0923053D48400FAB6DB /* TryhubaivanLab1App.swift */; };
		A1BBC0953053D48400FAB6DB /* ContentView.swift in Sources */ = {isa = PBXBuildFile; fileRef = A1BBC0943053D48400FAB6DB /* ContentView.swift */; };
		A1BBC0973053D48600FAB6DB /* Assets.xcassets in Resources */ = {isa = PBXBuildFile; fileRef = A1BBC0963053D48600FAB6DB /* Assets.xcassets */; };
		A1BBC09A3053D48600FAB6DB /* Preview Assets.xcassets in Resources */ = {isa = PBXBuildFile; fileRef = A1BBC0993053D48600FAB6DB /* Preview Assets.xcassets */; };
		A1BBC0A43053D48600FAB6DB /* TryhubaivanLab1Tests.swift in Sources */ = {isa = PBXBuildFile; fileRef = A1BBC0A33053D48600FAB6DB /* TryhubaivanLab1Tests.swift */; };
		A1BBC0AE3053D48600FAB6DB /* TryhubaivanLab1UITests.swift in Sources */ = {isa = PBXBuildFile; fileRef = A1BBC0AD3053D48600FAB6DB /* TryhubaivanLab1UITests.swift */; };
		A1BBC0B03053D48600FAB6DB /* TryhubaivanLab1UITestsLaunchTests.swift in Sources */ = {isa = PBXBuildFile; fileRef = A1BBC0AF3053D48600FAB6DB /* TryhubaivanLab1UITestsLaunchTests.swift */; };
		E2F72DF23066626D000A4DE7 /* lab_2_code.swift in Sources */ = {isa = PBXBuildFile; fileRef = E2F72DF13066626D000A4DE7 /* lab_2_code.swift */; };
/* End PBXBuildFile section */

/* Begin PBXContainerItemProxy section */
		A1BBC0A03053D48600FAB6DB /* PBXContainerItemProxy */ = {
			isa = PBXContainerItemProxy;
			containerPortal = A1BBC0873053D48400FAB6DB /* Project object */;
			proxyType = 1;
			remoteGlobalIDString = A1BBC08E3053D48400FAB6DB;
			remoteInfo = TryhubaivanLab1;
		};
		A1BBC0AA3053D48600FAB6DB /* PBXContainerItemProxy */ = {
			isa = PBXContainerItemProxy;
			containerPortal = A1BBC0873053D48400FAB6DB /* Project object */;
			proxyType = 1;
			remoteGlobalIDString = A1BBC08E3053D48400FAB6DB;
			remoteInfo = TryhubaivanLab1;
		};
/* End PBXContainerItemProxy section */

/* Begin PBXFileReference section */
		A1BBC08F3053D48400FAB6DB /* TryhubaivanLab1.app */ = {isa = PBXFileReference; explicitFileType = wrapper.application; includeInIndex = 0; path = TryhubaivanLab1.app; sourceTree = BUILT_PRODUCTS_DIR; };
		A1BBC0923053D48400FAB6DB /* TryhubaivanLab1App.swift */ = {isa = PBXFileReference; lastKnownFileType = sourcecode.swift; path = TryhubaivanLab1App.swift; sourceTree = "<group>"; };
		A1BBC0943053D48400FAB6DB /* ContentView.swift */ = {isa = PBXFileReference; lastKnownFileType = sourcecode.swift; path = ContentView.swift; sourceTree = "<group>"; };
		A1BBC0963053D48600FAB6DB /* Assets.xcassets */ = {isa = PBXFileReference; lastKnownFileType = folder.assetcatalog; path = Assets.xcassets; sourceTree = "<group>"; };
		A1BBC0993053D48600FAB6DB /* Preview Assets.xcassets */ = {isa = PBXFileReference; lastKnownFileType = folder.assetcatalog; path = "Preview Assets.xcassets"; sourceTree = "<group>"; };
		A1BBC09F3053D48600FAB6DB /* TryhubaivanLab1Tests.xctest */ = {isa = PBXFileReference; explicitFileType = wrapper.cfbundle; includeInIndex = 0; path = TryhubaivanLab1Tests.xctest; sourceTree = BUILT_PRODUCTS_DIR; };
		A1BBC0A33053D48600FAB6DB /* TryhubaivanLab1Tests.swift */ = {isa = PBXFileReference; lastKnownFileType = sourcecode.swift; path = TryhubaivanLab1Tests.swift; sourceTree = "<group>"; };
		A1BBC0A93053D48600FAB6DB /* TryhubaivanLab1UITests.xctest */ = {isa = PBXFileReference; explicitFileType = wrapper.cfbundle; includeInIndex = 0; path = TryhubaivanLab1UITests.xctest; sourceTree = BUILT_PRODUCTS_DIR; };
		A1BBC0AD3053D48600FAB6DB /* TryhubaivanLab1UITests.swift */ = {isa = PBXFileReference; lastKnownFileType = sourcecode.swift; path = TryhubaivanLab1UITests.swift; sourceTree = "<group>"; };
		A1BBC0AF3053D48600FAB6DB /* TryhubaivanLab1UITestsLaunchTests.swift */ = {isa = PBXFileReference; lastKnownFileType = sourcecode.swift; path = TryhubaivanLab1UITestsLaunchTests.swift; sourceTree = "<group>"; };
		E2F72DF13066626D000A4DE7 /* lab_2_code.swift */ = {isa = PBXFileReference; lastKnownFileType = sourcecode.swift; path = lab_2_code.swift; sourceTree = "<group>"; };
/* End PBXFileReference section */

/* Begin PBXFrameworksBuildPhase section */
		A1BBC08C3053D48400FAB6DB /* Frameworks */ = {
			isa = PBXFrameworksBuildPhase;
			buildActionMask = 2147483647;
			files = (
			);
			runOnlyForDeploymentPostprocessing = 0;
		};
		A1BBC09C3053D48600FAB6DB /* Frameworks */ = {
			isa = PBXFrameworksBuildPhase;
			buildActionMask = 2147483647;
			files = (
			);
			runOnlyForDeploymentPostprocessing = 0;
		};
		A1BBC0A63053D48600FAB6DB /* Frameworks */ = {
			isa = PBXFrameworksBuildPhase;
			buildActionMask = 2147483647;
			files = (
			);
			runOnlyForDeploymentPostprocessing = 0;
		};
/* End PBXFrameworksBuildPhase section */

/* Begin PBXGroup section */
		A1BBC0863053D48400FAB6DB = {
			isa = PBXGroup;
			children = (
				A1BBC0913053D48400FAB6DB /* TryhubaivanLab1 */,
				A1BBC0A23053D48600FAB6DB /* TryhubaivanLab1Tests */,
				A1BBC0AC3053D48600FAB6DB /* TryhubaivanLab1UITests */,
				A1BBC0903053D48400FAB6DB /* Products */,
			);
			sourceTree = "<group>";
		};
		A1BBC0903053D48400FAB6DB /* Products */ = {
			isa = PBXGroup;
			children = (
				A1BBC08F3053D48400FAB6DB /* TryhubaivanLab1.app */,
				A1BBC09F3053D48600FAB6DB /* TryhubaivanLab1Tests.xctest */,
				A1BBC0A93053D48600FAB6DB /* TryhubaivanLab1UITests.xctest */,
			);
			name = Products;
			sourceTree = "<group>";
		};
		A1BBC0913053D48400FAB6DB /* TryhubaivanLab1 */ = {
			isa = PBXGroup;
			children = (
				E2F72DF13066626D000A4DE7 /* lab_2_code.swift */,
				A1BBC0923053D48400FAB6DB /* TryhubaivanLab1App.swift */,
				A1BBC0943053D48400FAB6DB /* ContentView.swift */,
				A1BBC0963053D48600FAB6DB /* Assets.xcassets */,
				A1BBC0983053D48600FAB6DB /* Preview Content */,
			);
			path = TryhubaivanLab1;
			sourceTree = "<group>";
		};
		A1BBC0983053D48600FAB6DB /* Preview Content */ = {
			isa = PBXGroup;
			children = (
				A1BBC0993053D48600FAB6DB /* Preview Assets.xcassets */,
			);
			path = "Preview Content";
			sourceTree = "<group>";
		};
		A1BBC0A23053D48600FAB6DB /* TryhubaivanLab1Tests */ = {
			isa = PBXGroup;
			children = (
				A1BBC0A33053D48600FAB6DB /* TryhubaivanLab1Tests.swift */,
			);
			path = TryhubaivanLab1Tests;
			sourceTree = "<group>";
		};
		A1BBC0AC3053D48600FAB6DB /* TryhubaivanLab1UITests */ = {
			isa = PBXGroup;
			children = (
				A1BBC0AD3053D48600FAB6DB /* TryhubaivanLab1UITests.swift */,
				A1BBC0AF3053D48600FAB6DB /* TryhubaivanLab1UITestsLaunchTests.swift */,
			);
			path = TryhubaivanLab1UITests;
			sourceTree = "<group>";
		};
/* End PBXGroup section */

/* Begin PBXNativeTarget section */
		A1BBC08E3053D48400FAB6DB /* TryhubaivanLab1 */ = {
			isa = PBXNativeTarget;
			buildConfigurationList = A1BBC0B33053D48600FAB6DB /* Build configuration list for PBXNativeTarget "TryhubaivanLab1" */;
			buildPhases = (
				A1BBC08B3053D48400FAB6DB /* Sources */,
				A1BBC08C3053D48400FAB6DB /* Frameworks */,
				A1BBC08D3053D48400FAB6DB /* Resources */,
			);
			buildRules = (
			);
			dependencies = (
			);
			name = TryhubaivanLab1;
			productName = TryhubaivanLab1;
			productReference = A1BBC08F3053D48400FAB6DB /* TryhubaivanLab1.app */;
			productType = "com.apple.product-type.application";
		};
		A1BBC09E3053D48600FAB6DB /* TryhubaivanLab1Tests */ = {
			isa = PBXNativeTarget;
			buildConfigurationList = A1BBC0B63053D48600FAB6DB /* Build configuration list for PBXNativeTarget "TryhubaivanLab1Tests" */;
			buildPhases = (
				A1BBC09B3053D48600FAB6DB /* Sources */,
				A1BBC09C3053D48600FAB6DB /* Frameworks */,
				A1BBC09D3053D48600FAB6DB /* Resources */,
			);
			buildRules = (
			);
			dependencies = (
				A1BBC0A13053D48600FAB6DB /* PBXTargetDependency */,
			);
			name = TryhubaivanLab1Tests;
			productName = TryhubaivanLab1Tests;
			productReference = A1BBC09F3053D48600FAB6DB /* TryhubaivanLab1Tests.xctest */;
			productType = "com.apple.product-type.bundle.unit-test";
		};
		A1BBC0A83053D48600FAB6DB /* TryhubaivanLab1UITests */ = {
			isa = PBXNativeTarget;
			buildConfigurationList = A1BBC0B93053D48600FAB6DB /* Build configuration list for PBXNativeTarget "TryhubaivanLab1UITests" */;
			buildPhases = (
				A1BBC0A53053D48600FAB6DB /* Sources */,
				A1BBC0A63053D48600FAB6DB /* Frameworks */,
				A1BBC0A73053D48600FAB6DB /* Resources */,
			);
			buildRules = (
			);
			dependencies = (
				A1BBC0AB3053D48600FAB6DB /* PBXTargetDependency */,
			);
			name = TryhubaivanLab1UITests;
			productName = TryhubaivanLab1UITests;
			productReference = A1BBC0A93053D48600FAB6DB /* TryhubaivanLab1UITests.xctest */;
			productType = "com.apple.product-type.bundle.ui-testing";
		};
/* End PBXNativeTarget section */

/* Begin PBXProject section */
		A1BBC0873053D48400FAB6DB /* Project object */ = {
			isa = PBXProject;
			attributes = {
				BuildIndependentTargetsInParallel = 1;
				LastSwiftUpdateCheck = 1520;
				LastUpgradeCheck = 1520;
				TargetAttributes = {
					A1BBC08E3053D48400FAB6DB = {
						CreatedOnToolsVersion = 15.2;
					};
					A1BBC09E3053D48600FAB6DB = {
						CreatedOnToolsVersion = 15.2;
						TestTargetID = A1BBC08E3053D48400FAB6DB;
					};
					A1BBC0A83053D48600FAB6DB = {
						CreatedOnToolsVersion = 15.2;
						TestTargetID = A1BBC08E3053D48400FAB6DB;
					};
				};
			};
			buildConfigurationList = A1BBC08A3053D48400FAB6DB /* Build configuration list for PBXProject "TryhubaivanLab1" */;
			compatibilityVersion = "Xcode 14.0";
			developmentRegion = en;
			hasScannedForEncodings = 0;
			knownRegions = (
				en,
				Base,
			);
			mainGroup = A1BBC0863053D48400FAB6DB;
			productRefGroup = A1BBC0903053D48400FAB6DB /* Products */;
			projectDirPath = "";
			projectRoot = "";
			targets = (
				A1BBC08E3053D48400FAB6DB /* TryhubaivanLab1 */,
				A1BBC09E3053D48600FAB6DB /* TryhubaivanLab1Tests */,
				A1BBC0A83053D48600FAB6DB /* TryhubaivanLab1UITests */,
			);
		};
/* End PBXProject section */

/* Begin PBXResourcesBuildPhase section */
		A1BBC08D3053D48400FAB6DB /* Resources */ = {
			isa = PBXResourcesBuildPhase;
			buildActionMask = 2147483647;
			files = (
				A1BBC09A3053D48600FAB6DB /* Preview Assets.xcassets in Resources */,
				A1BBC0973053D48600FAB6DB /* Assets.xcassets in Resources */,
			);
			runOnlyForDeploymentPostprocessing = 0;
		};
		A1BBC09D3053D48600FAB6DB /* Resources */ = {
			isa = PBXResourcesBuildPhase;
			buildActionMask = 2147483647;
			files = (
			);
			runOnlyForDeploymentPostprocessing = 0;
		};
		A1BBC0A73053D48600FAB6DB /* Resources */ = {
			isa = PBXResourcesBuildPhase;
			buildActionMask = 2147483647;
			files = (
			);
			runOnlyForDeploymentPostprocessing = 0;
		};
/* End PBXResourcesBuildPhase section */

/* Begin PBXSourcesBuildPhase section */
		A1BBC08B3053D48400FAB6DB /* Sources */ = {
			isa = PBXSourcesBuildPhase;
			buildActionMask = 2147483647;
			files = (
				A1BBC0953053D48400FAB6DB /* ContentView.swift in Sources */,
				A1BBC0933053D48400FAB6DB /* TryhubaivanLab1App.swift in Sources */,
				E2F72DF23066626D000A4DE7 /* lab_2_code.swift in Sources */,
			);
			runOnlyForDeploymentPostprocessing = 0;
		};
		A1BBC09B3053D48600FAB6DB /* Sources */ = {
			isa = PBXSourcesBuildPhase;
			buildActionMask = 2147483647;
			files = (
				A1BBC0A43053D48600FAB6DB /* TryhubaivanLab1Tests.swift in Sources */,
			);
			runOnlyForDeploymentPostprocessing = 0;
		};
		A1BBC0A53053D48600FAB6DB /* Sources */ = {
			isa = PBXSourcesBuildPhase;
			buildActionMask = 2147483647;
			files = (
				A1BBC0B03053D48600FAB6DB /* TryhubaivanLab1UITestsLaunchTests.swift in Sources */,
				A1BBC0AE3053D48600FAB6DB /* TryhubaivanLab1UITests.swift in Sources */,
			);
			runOnlyForDeploymentPostprocessing = 0;
		};
/* End PBXSourcesBuildPhase section */

/* Begin PBXTargetDependency section */
		A1BBC0A13053D48600FAB6DB /* PBXTargetDependency */ = {
			isa = PBXTargetDependency;
			target = A1BBC08E3053D48400FAB6DB /* TryhubaivanLab1 */;
			targetProxy = A1BBC0A03053D48600FAB6DB /* PBXContainerItemProxy */;
		};
		A1BBC0AB3053D48600FAB6DB /* PBXTargetDependency */ = {
			isa = PBXTargetDependency;
			target = A1BBC08E3053D48400FAB6DB /* TryhubaivanLab1 */;
			targetProxy = A1BBC0AA3053D48600FAB6DB /* PBXContainerItemProxy */;
		};
/* End PBXTargetDependency section */

/* Begin XCBuildConfiguration section */
		A1BBC0B13053D48600FAB6DB /* Debug */ = {
			isa = XCBuildConfiguration;
			buildSettings = {
				ALWAYS_SEARCH_USER_PATHS = NO;
				ASSETCATALOG_COMPILER_GENERATE_SWIFT_ASSET_SYMBOL_EXTENSIONS = YES;
				CLANG_ANALYZER_NONNULL = YES;
				CLANG_ANALYZER_NUMBER_OBJECT_CONVERSION = YES_AGGRESSIVE;
				CLANG_CXX_LANGUAGE_STANDARD = "gnu++20";
				CLANG_ENABLE_MODULES = YES;
				CLANG_ENABLE_OBJC_ARC = YES;
				CLANG_ENABLE_OBJC_WEAK = YES;
				CLANG_WARN_BLOCK_CAPTURE_AUTORELEASING = YES;
				CLANG_WARN_BOOL_CONVERSION = YES;
				CLANG_WARN_COMMA = YES;
				CLANG_WARN_CONSTANT_CONVERSION = YES;
				CLANG_WARN_DEPRECATED_OBJC_IMPLEMENTATIONS = YES;
				CLANG_WARN_DIRECT_OBJC_ISA_USAGE = YES_ERROR;
				CLANG_WARN_DOCUMENTATION_COMMENTS = YES;
				CLANG_WARN_EMPTY_BODY = YES;
				CLANG_WARN_ENUM_CONVERSION = YES;
				CLANG_WARN_INFINITE_RECURSION = YES;
				CLANG_WARN_INT_CONVERSION = YES;
				CLANG_WARN_NON_LITERAL_NULL_CONVERSION = YES;
				CLANG_WARN_OBJC_IMPLICIT_RETAIN_SELF = YES;
				CLANG_WARN_OBJC_LITERAL_CONVERSION = YES;
				CLANG_WARN_OBJC_ROOT_CLASS = YES_ERROR;
				CLANG_WARN_QUOTED_INCLUDE_IN_FRAMEWORK_HEADER = YES;
				CLANG_WARN_RANGE_LOOP_ANALYSIS = YES;
				CLANG_WARN_STRICT_PROTOTYPES = YES;
				CLANG_WARN_SUSPICIOUS_MOVE = YES;
				CLANG_WARN_UNGUARDED_AVAILABILITY = YES_AGGRESSIVE;
				CLANG_WARN_UNREACHABLE_CODE = YES;
				CLANG_WARN__DUPLICATE_METHOD_MATCH = YES;
				COPY_PHASE_STRIP = NO;
				DEBUG_INFORMATION_FORMAT = dwarf;
				ENABLE_STRICT_OBJC_MSGSEND = YES;
				ENABLE_TESTABILITY = YES;
				ENABLE_USER_SCRIPT_SANDBOXING = YES;
				GCC_C_LANGUAGE_STANDARD = gnu17;
				GCC_DYNAMIC_NO_PIC = NO;
				GCC_NO_COMMON_BLOCKS = YES;
				GCC_OPTIMIZATION_LEVEL = 0;
				GCC_PREPROCESSOR_DEFINITIONS = (
					"DEBUG=1",
					"$(inherited)",
				);
				GCC_WARN_64_TO_32_BIT_CONVERSION = YES;
				GCC_WARN_ABOUT_RETURN_TYPE = YES_ERROR;
				GCC_WARN_UNDECLARED_SELECTOR = YES;
				GCC_WARN_UNINITIALIZED_AUTOS = YES_AGGRESSIVE;
				GCC_WARN_UNUSED_FUNCTION = YES;
				GCC_WARN_UNUSED_VARIABLE = YES;
				IPHONEOS_DEPLOYMENT_TARGET = 17.2;
				LOCALIZATION_PREFERS_STRING_CATALOGS = YES;
				MTL_ENABLE_DEBUG_INFO = INCLUDE_SOURCE;
				MTL_FAST_MATH = YES;
				ONLY_ACTIVE_ARCH = YES;
				SDKROOT = iphoneos;
				SWIFT_ACTIVE_COMPILATION_CONDITIONS = "DEBUG $(inherited)";
				SWIFT_OPTIMIZATION_LEVEL = "-Onone";
			};
			name = Debug;
		};
		A1BBC0B23053D48600FAB6DB /* Release */ = {
			isa = XCBuildConfiguration;
			buildSettings = {
				ALWAYS_SEARCH_USER_PATHS = NO;
				ASSETCATALOG_COMPILER_GENERATE_SWIFT_ASSET_SYMBOL_EXTENSIONS = YES;
				CLANG_ANALYZER_NONNULL = YES;
				CLANG_ANALYZER_NUMBER_OBJECT_CONVERSION = YES_AGGRESSIVE;
				CLANG_CXX_LANGUAGE_STANDARD = "gnu++20";
				CLANG_ENABLE_MODULES = YES;
				CLANG_ENABLE_OBJC_ARC = YES;
				CLANG_ENABLE_OBJC_WEAK = YES;
				CLANG_WARN_BLOCK_CAPTURE_AUTORELEASING = YES;
				CLANG_WARN_BOOL_CONVERSION = YES;
				CLANG_WARN_COMMA = YES;
				CLANG_WARN_CONSTANT_CONVERSION = YES;
				CLANG_WARN_DEPRECATED_OBJC_IMPLEMENTATIONS = YES;
				CLANG_WARN_DIRECT_OBJC_ISA_USAGE = YES_ERROR;
				CLANG_WARN_DOCUMENTATION_COMMENTS = YES;
				CLANG_WARN_EMPTY_BODY = YES;
				CLANG_WARN_ENUM_CONVERSION = YES;
				CLANG_WARN_INFINITE_RECURSION = YES;
				CLANG_WARN_INT_CONVERSION = YES;
				CLANG_WARN_NON_LITERAL_NULL_CONVERSION = YES;
				CLANG_WARN_OBJC_IMPLICIT_RETAIN_SELF = YES;
				CLANG_WARN_OBJC_LITERAL_CONVERSION = YES;
				CLANG_WARN_OBJC_ROOT_CLASS = YES_ERROR;
				CLANG_WARN_QUOTED_INCLUDE_IN_FRAMEWORK_HEADER = YES;
				CLANG_WARN_RANGE_LOOP_ANALYSIS = YES;
				CLANG_WARN_STRICT_PROTOTYPES = YES;
				CLANG_WARN_SUSPICIOUS_MOVE = YES;
				CLANG_WARN_UNGUARDED_AVAILABILITY = YES_AGGRESSIVE;
				CLANG_WARN_UNREACHABLE_CODE = YES;
				CLANG_WARN__DUPLICATE_METHOD_MATCH = YES;
				COPY_PHASE_STRIP = NO;
				DEBUG_INFORMATION_FORMAT = "dwarf-with-dsym";
				ENABLE_NS_ASSERTIONS = NO;
				ENABLE_STRICT_OBJC_MSGSEND = YES;
				ENABLE_USER_SCRIPT_SANDBOXING = YES;
				GCC_C_LANGUAGE_STANDARD = gnu17;
				GCC_NO_COMMON_BLOCKS = YES;
				GCC_WARN_64_TO_32_BIT_CONVERSION = YES;
				GCC_WARN_ABOUT_RETURN_TYPE = YES_ERROR;
				GCC_WARN_UNDECLARED_SELECTOR = YES;
				GCC_WARN_UNINITIALIZED_AUTOS = YES_AGGRESSIVE;
				GCC_WARN_UNUSED_FUNCTION = YES;
				GCC_WARN_UNUSED_VARIABLE = YES;
				IPHONEOS_DEPLOYMENT_TARGET = 17.2;
				LOCALIZATION_PREFERS_STRING_CATALOGS = YES;
				MTL_ENABLE_DEBUG_INFO = NO;
				MTL_FAST_MATH = YES;
				SDKROOT = iphoneos;
				SWIFT_COMPILATION_MODE = wholemodule;
				VALIDATE_PRODUCT = YES;
			};
			name = Release;
		};
		A1BBC0B43053D48600FAB6DB /* Debug */ = {
			isa = XCBuildConfiguration;
			buildSettings = {
				ASSETCATALOG_COMPILER_APPICON_NAME = AppIcon;
				ASSETCATALOG_COMPILER_GLOBAL_ACCENT_COLOR_NAME = AccentColor;
				CODE_SIGN_STYLE = Automatic;
				CURRENT_PROJECT_VERSION = 1;
				DEVELOPMENT_ASSET_PATHS = "\"TryhubaivanLab1/Preview Content\"";
				ENABLE_PREVIEWS = YES;
				GENERATE_INFOPLIST_FILE = YES;
				INFOPLIST_KEY_UIApplicationSceneManifest_Generation = YES;
				INFOPLIST_KEY_UIApplicationSupportsIndirectInputEvents = YES;
				INFOPLIST_KEY_UILaunchScreen_Generation = YES;
				INFOPLIST_KEY_UISupportedInterfaceOrientations_iPad = "UIInterfaceOrientationPortrait UIInterfaceOrientationPortraitUpsideDown UIInterfaceOrientationLandscapeLeft UIInterfaceOrientationLandscapeRight";
				INFOPLIST_KEY_UISupportedInterfaceOrientations_iPhone = "UIInterfaceOrientationPortrait UIInterfaceOrientationLandscapeLeft UIInterfaceOrientationLandscapeRight";
				LD_RUNPATH_SEARCH_PATHS = (
					"$(inherited)",
					"@executable_path/Frameworks",
				);
				MARKETING_VERSION = 1.0;
				PRODUCT_BUNDLE_IDENTIFIER = nltu.TryhubaivanLab1;
				PRODUCT_NAME = "$(TARGET_NAME)";
				SWIFT_EMIT_LOC_STRINGS = YES;
				SWIFT_VERSION = 5.0;
				TARGETED_DEVICE_FAMILY = "1,2";
			};
			name = Debug;
		};
		A1BBC0B53053D48600FAB6DB /* Release */ = {
			isa = XCBuildConfiguration;
			buildSettings = {
				ASSETCATALOG_COMPILER_APPICON_NAME = AppIcon;
				ASSETCATALOG_COMPILER_GLOBAL_ACCENT_COLOR_NAME = AccentColor;
				CODE_SIGN_STYLE = Automatic;
				CURRENT_PROJECT_VERSION = 1;
				DEVELOPMENT_ASSET_PATHS = "\"TryhubaivanLab1/Preview Content\"";
				ENABLE_PREVIEWS = YES;
				GENERATE_INFOPLIST_FILE = YES;
				INFOPLIST_KEY_UIApplicationSceneManifest_Generation = YES;
				INFOPLIST_KEY_UIApplicationSupportsIndirectInputEvents = YES;
				INFOPLIST_KEY_UILaunchScreen_Generation = YES;
				INFOPLIST_KEY_UISupportedInterfaceOrientations_iPad = "UIInterfaceOrientationPortrait UIInterfaceOrientationPortraitUpsideDown UIInterfaceOrientationLandscapeLeft UIInterfaceOrientationLandscapeRight";
				INFOPLIST_KEY_UISupportedInterfaceOrientations_iPhone = "UIInterfaceOrientationPortrait UIInterfaceOrientationLandscapeLeft UIInterfaceOrientationLandscapeRight";
				LD_RUNPATH_SEARCH_PATHS = (
					"$(inherited)",
					"@executable_path/Frameworks",
				);
				MARKETING_VERSION = 1.0;
				PRODUCT_BUNDLE_IDENTIFIER = nltu.TryhubaivanLab1;
				PRODUCT_NAME = "$(TARGET_NAME)";
				SWIFT_EMIT_LOC_STRINGS = YES;
				SWIFT_VERSION = 5.0;
				TARGETED_DEVICE_FAMILY = "1,2";
			};
			name = Release;
		};
		A1BBC0B73053D48600FAB6DB /* Debug */ = {
			isa = XCBuildConfiguration;
			buildSettings = {
				ALWAYS_EMBED_SWIFT_STANDARD_LIBRARIES = YES;
				BUNDLE_LOADER = "$(TEST_HOST)";
				CODE_SIGN_STYLE = Automatic;
				CURRENT_PROJECT_VERSION = 1;
				GENERATE_INFOPLIST_FILE = YES;
				IPHONEOS_DEPLOYMENT_TARGET = 17.2;
				MARKETING_VERSION = 1.0;
				PRODUCT_BUNDLE_IDENTIFIER = nltu.TryhubaivanLab1Tests;
				PRODUCT_NAME = "$(TARGET_NAME)";
				SWIFT_EMIT_LOC_STRINGS = NO;
				SWIFT_VERSION = 5.0;
				TARGETED_DEVICE_FAMILY = "1,2";
				TEST_HOST = "$(BUILT_PRODUCTS_DIR)/TryhubaivanLab1.app/$(BUNDLE_EXECUTABLE_FOLDER_PATH)/TryhubaivanLab1";
			};
			name = Debug;
		};
		A1BBC0B83053D48600FAB6DB /* Release */ = {
			isa = XCBuildConfiguration;
			buildSettings = {
				ALWAYS_EMBED_SWIFT_STANDARD_LIBRARIES = YES;
				BUNDLE_LOADER = "$(TEST_HOST)";
				CODE_SIGN_STYLE = Automatic;
				CURRENT_PROJECT_VERSION = 1;
				GENERATE_INFOPLIST_FILE = YES;
				IPHONEOS_DEPLOYMENT_TARGET = 17.2;
				MARKETING_VERSION = 1.0;
				PRODUCT_BUNDLE_IDENTIFIER = nltu.TryhubaivanLab1Tests;
				PRODUCT_NAME = "$(TARGET_NAME)";
				SWIFT_EMIT_LOC_STRINGS = NO;
				SWIFT_VERSION = 5.0;
				TARGETED_DEVICE_FAMILY = "1,2";
				TEST_HOST = "$(BUILT_PRODUCTS_DIR)/TryhubaivanLab1.app/$(BUNDLE_EXECUTABLE_FOLDER_PATH)/TryhubaivanLab1";
			};
			name = Release;
		};
		A1BBC0BA3053D48600FAB6DB /* Debug */ = {
			isa = XCBuildConfiguration;
			buildSettings = {
				ALWAYS_EMBED_SWIFT_STANDARD_LIBRARIES = YES;
				CODE_SIGN_STYLE = Automatic;
				CURRENT_PROJECT_VERSION = 1;
				GENERATE_INFOPLIST_FILE = YES;
				MARKETING_VERSION = 1.0;
				PRODUCT_BUNDLE_IDENTIFIER = nltu.TryhubaivanLab1UITests;
				PRODUCT_NAME = "$(TARGET_NAME)";
				SWIFT_EMIT_LOC_STRINGS = NO;
				SWIFT_VERSION = 5.0;
				TARGETED_DEVICE_FAMILY = "1,2";
				TEST_TARGET_NAME = TryhubaivanLab1;
			};
			name = Debug;
		};
		A1BBC0BB3053D48600FAB6DB /* Release */ = {
			isa = XCBuildConfiguration;
			buildSettings = {
				ALWAYS_EMBED_SWIFT_STANDARD_LIBRARIES = YES;
				CODE_SIGN_STYLE = Automatic;
				CURRENT_PROJECT_VERSION = 1;
				GENERATE_INFOPLIST_FILE = YES;
				MARKETING_VERSION = 1.0;
				PRODUCT_BUNDLE_IDENTIFIER = nltu.TryhubaivanLab1UITests;
				PRODUCT_NAME = "$(TARGET_NAME)";
				SWIFT_EMIT_LOC_STRINGS = NO;
				SWIFT_VERSION = 5.0;
				TARGETED_DEVICE_FAMILY = "1,2";
				TEST_TARGET_NAME = TryhubaivanLab1;
			};
			name = Release;
		};
/* End XCBuildConfiguration section */

/* Begin XCConfigurationList section */
		A1BBC08A3053D48400FAB6DB /* Build configuration list for PBXProject "TryhubaivanLab1" */ = {
			isa = XCConfigurationList;
			buildConfigurations = (
				A1BBC0B13053D48600FAB6DB /* Debug */,
				A1BBC0B23053D48600FAB6DB /* Release */,
			);
			defaultConfigurationIsVisible = 0;
			defaultConfigurationName = Release;
		};
		A1BBC0B33053D48600FAB6DB /* Build configuration list for PBXNativeTarget "TryhubaivanLab1" */ = {
			isa = XCConfigurationList;
			buildConfigurations = (
				A1BBC0B43053D48600FAB6DB /* Debug */,
				A1BBC0B53053D48600FAB6DB /* Release */,
			);
			defaultConfigurationIsVisible = 0;
			defaultConfigurationName = Release;
		};
		A1BBC0B63053D48600FAB6DB /* Build configuration list for PBXNativeTarget "TryhubaivanLab1Tests" */ = {
			isa = XCConfigurationList;
			buildConfigurations = (
				A1BBC0B73053D48600FAB6DB /* Debug */,
				A1BBC0B83053D48600FAB6DB /* Release */,
			);
			defaultConfigurationIsVisible = 0;
			defaultConfigurationName = Release;
		};
		A1BBC0B93053D48600FAB6DB /* Build configuration list for PBXNativeTarget "TryhubaivanLab1UITests" */ = {
			isa = XCConfigurationList;
			buildConfigurations = (
				A1BBC0BA3053D48600FAB6DB /* Debug */,
				A1BBC0BB3053D48600FAB6DB /* Release */,
			);
			defaultConfigurationIsVisible = 0;
			defaultConfigurationName = Release;
		};
/* End XCConfigurationList section */
	};
	rootObject = A1BBC0873053D48400FAB6DB /* Project object */;
}
